
Microsoft Visual Studio Solution File, Format Version 12.00
# Visual Studio 15
VisualStudioVersion = 15.0.28307.271
MinimumVisualStudioVersion = 10.0.40219.1
Project("{FAE04EC0-301F-11D3-BF4B-00C04F79EFBC}") = "up_mobile.Android", "up_mobile\up_mobile.Android\up_mobile.Android.csproj", "{C119F394-279E-4386-9B0B-5F53C170FD83}"
EndProject
Project("{FAE04EC0-301F-11D3-BF4B-00C04F79EFBC}") = "up_mobile.iOS", "up_mobile\up_mobile.iOS\up_mobile.iOS.csproj", "{2C4532AE-FFD0-4016-89F5-381012691312}"
EndProject
Project("{9A19103F-16F7-4668-BE54-9A1E7A4F7556}") = "up_mobile", "up_mobile\up_mobile\up_mobile.csproj", "{26CE8FD7-8386-4060-8F40-D6E658791141}"
	ProjectSection(ProjectDependencies) = postProject
		{00CA2420-7273-43E9-AEAB-75789BD25FDD} = {00CA2420-7273-43E9-AEAB-75789BD25FDD}
	EndProjectSection
EndProject
Project("{FAE04EC0-301F-11D3-BF4B-00C04F79EFBC}") = "BackgroundTasks", "BackgroundTasks\BackgroundTasks.csproj", "{00CA2420-7273-43E9-AEAB-75789BD25FDD}"
EndProject
Global
	GlobalSection(SolutionConfigurationPlatforms) = preSolution
		Ad-Hoc|Any CPU = Ad-Hoc|Any CPU
		Ad-Hoc|iPhone = Ad-Hoc|iPhone
		Ad-Hoc|iPhoneSimulator = Ad-Hoc|iPhoneSimulator
		AppStore|Any CPU = AppStore|Any CPU
		AppStore|iPhone = AppStore|iPhone
		AppStore|iPhoneSimulator = AppStore|iPhoneSimulator
		Debug|Any CPU = Debug|Any CPU
		Debug|iPhone = Debug|iPhone
		Debug|iPhoneSimulator = Debug|iPhoneSimulator
		Release|Any CPU = Release|Any CPU
		Release|iPhone = Release|iPhone
		Release|iPhoneSimulator = Release|iPhoneSimulator
	EndGlobalSection
	GlobalSection(ProjectConfigurationPlatforms) = postSolution
		{C119F394-279E-4386-9B0B-5F53C170FD83}.Ad-Hoc|Any CPU.ActiveCfg = Release|Any CPU
		{C119F394-279E-4386-9B0B-5F53C170FD83}.Ad-Hoc|Any CPU.Build.0 = Release|Any CPU
		{C119F394-279E-4386-9B0B-5F53C170FD83}.Ad-Hoc|Any CPU.Deploy.0 = Release|Any CPU
		{C119F394-279E-4386-9B0B-5F53C170FD83}.Ad-Hoc|iPhone.ActiveCfg = Release|Any CPU
		{C119F394-279E-4386-9B0B-5F53C170FD83}.Ad-Hoc|iPhone.Build.0 = Release|Any CPU
		{C119F394-279E-4386-9B0B-5F53C170FD83}.Ad-Hoc|iPhone.Deploy.0 = Release|Any CPU
		{C119F394-279E-4386-9B0B-5F53C170FD83}.Ad-Hoc|iPhoneSimulator.ActiveCfg = Release|Any CPU
		{C119F394-279E-4386-9B0B-5F53C170FD83}.Ad-Hoc|iPhoneSimulator.Build.0 = Release|Any CPU
		{C119F394-279E-4386-9B0B-5F53C170FD83}.Ad-Hoc|iPhoneSimulator.Deploy.0 = Release|Any CPU
		{C119F394-279E-4386-9B0B-5F53C170FD83}.AppStore|Any CPU.ActiveCfg = Release|Any CPU
		{C119F394-279E-4386-9B0B-5F53C170FD83}.AppStore|Any CPU.Build.0 = Release|Any CPU
		{C119F394-279E-4386-9B0B-5F53C170FD83}.AppStore|Any CPU.Deploy.0 = Release|Any CPU
		{C119F394-279E-4386-9B0B-5F53C170FD83}.AppStore|iPhone.ActiveCfg = Release|Any CPU
		{C119F394-279E-4386-9B0B-5F53C170FD83}.AppStore|iPhone.Build.0 = Release|Any CPU
		{C119F394-279E-4386-9B0B-5F53C170FD83}.AppStore|iPhone.Deploy.0 = Release|Any CPU
		{C119F394-279E-4386-9B0B-5F53C170FD83}.AppStore|iPhoneSimulator.ActiveCfg = Release|Any CPU
		{C119F394-279E-4386-9B0B-5F53C170FD83}.AppStore|iPhoneSimulator.Build.0 = Release|Any CPU
		{C119F394-279E-4386-9B0B-5F53C170FD83}.AppStore|iPhoneSimulator.Deploy.0 = Release|Any CPU
		{C119F394-279E-4386-9B0B-5F53C170FD83}.Debug|Any CPU.ActiveCfg = Debug|Any CPU
		{C119F394-279E-4386-9B0B-5F53C170FD83}.Debug|Any CPU.Build.0 = Debug|Any CPU
		{C119F394-279E-4386-9B0B-5F53C170FD83}.Debug|Any CPU.Deploy.0 = Debug|Any CPU
		{C119F394-279E-4386-9B0B-5F53C170FD83}.Debug|iPhone.ActiveCfg = Debug|Any CPU
		{C119F394-279E-4386-9B0B-5F53C170FD83}.Debug|iPhone.Build.0 = Debug|Any CPU
		{C119F394-279E-4386-9B0B-5F53C170FD83}.Debug|iPhone.Deploy.0 = Debug|Any CPU
		{C119F394-279E-4386-9B0B-5F53C170FD83}.Debug|iPhoneSimulator.ActiveCfg = Debug|Any CPU
		{C119F394-279E-4386-9B0B-5F53C170FD83}.Debug|iPhoneSimulator.Build.0 = Debug|Any CPU
		{C119F394-279E-4386-9B0B-5F53C170FD83}.Debug|iPhoneSimulator.Deploy.0 = Debug|Any CPU
		{C119F394-279E-4386-9B0B-5F53C170FD83}.Release|Any CPU.ActiveCfg = Release|Any CPU
		{C119F394-279E-4386-9B0B-5F53C170FD83}.Release|Any CPU.Build.0 = Release|Any CPU
		{C119F394-279E-4386-9B0B-5F53C170FD83}.Release|Any CPU.Deploy.0 = Release|Any CPU
		{C119F394-279E-4386-9B0B-5F53C170FD83}.Release|iPhone.ActiveCfg = Release|Any CPU
		{C119F394-279E-4386-9B0B-5F53C170FD83}.Release|iPhone.Build.0 = Release|Any CPU
		{C119F394-279E-4386-9B0B-5F53C170FD83}.Release|iPhone.Deploy.0 = Release|Any CPU
		{C119F394-279E-4386-9B0B-5F53C170FD83}.Release|iPhoneSimulator.ActiveCfg = Release|Any CPU
		{C119F394-279E-4386-9B0B-5F53C170FD83}.Release|iPhoneSimulator.Build.0 = Release|Any CPU
		{C119F394-279E-4386-9B0B-5F53C170FD83}.Release|iPhoneSimulator.Deploy.0 = Release|Any CPU
		{2C4532AE-FFD0-4016-89F5-381012691312}.Ad-Hoc|Any CPU.ActiveCfg = Ad-Hoc|iPhone
		{2C4532AE-FFD0-4016-89F5-381012691312}.Ad-Hoc|Any CPU.Build.0 = Ad-Hoc|iPhone
		{2C4532AE-FFD0-4016-89F5-381012691312}.Ad-Hoc|Any CPU.Deploy.0 = Ad-Hoc|iPhone
		{2C4532AE-FFD0-4016-89F5-381012691312}.Ad-Hoc|iPhone.ActiveCfg = Ad-Hoc|iPhone
		{2C4532AE-FFD0-4016-89F5-381012691312}.Ad-Hoc|iPhone.Build.0 = Ad-Hoc|iPhone
		{2C4532AE-FFD0-4016-89F5-381012691312}.Ad-Hoc|iPhone.Deploy.0 = Ad-Hoc|iPhone
		{2C4532AE-FFD0-4016-89F5-381012691312}.Ad-Hoc|iPhoneSimulator.ActiveCfg = Ad-Hoc|iPhoneSimulator
		{2C4532AE-FFD0-4016-89F5-381012691312}.Ad-Hoc|iPhoneSimulator.Build.0 = Ad-Hoc|iPhoneSimulator
		{2C4532AE-FFD0-4016-89F5-381012691312}.Ad-Hoc|iPhoneSimulator.Deploy.0 = Ad-Hoc|iPhoneSimulator
		{2C4532AE-FFD0-4016-89F5-381012691312}.AppStore|Any CPU.ActiveCfg = AppStore|iPhone
		{2C4532AE-FFD0-4016-89F5-381012691312}.AppStore|Any CPU.Build.0 = AppStore|iPhone
		{2C4532AE-FFD0-4016-89F5-381012691312}.AppStore|Any CPU.Deploy.0 = AppStore|iPhone
		{2C4532AE-FFD0-4016-89F5-381012691312}.AppStore|iPhone.ActiveCfg = AppStore|iPhone
		{2C4532AE-FFD0-4016-89F5-381012691312}.AppStore|iPhone.Build.0 = AppStore|iPhone
		{2C4532AE-FFD0-4016-89F5-381012691312}.AppStore|iPhone.Deploy.0 = AppStore|iPhone
		{2C4532AE-FFD0-4016-89F5-381012691312}.AppStore|iPhoneSimulator.ActiveCfg = AppStore|iPhoneSimulator
		{2C4532AE-FFD0-4016-89F5-381012691312}.AppStore|iPhoneSimulator.Build.0 = AppStore|iPhoneSimulator
		{2C4532AE-FFD0-4016-89F5-381012691312}.AppStore|iPhoneSimulator.Deploy.0 = AppStore|iPhoneSimulator
		{2C4532AE-FFD0-4016-89F5-381012691312}.Debug|Any CPU.ActiveCfg = Debug|iPhoneSimulator
		{2C4532AE-FFD0-4016-89F5-381012691312}.Debug|Any CPU.Build.0 = Debug|iPhoneSimulator
		{2C4532AE-FFD0-4016-89F5-381012691312}.Debug|Any CPU.Deploy.0 = Debug|iPhoneSimulator
		{2C4532AE-FFD0-4016-89F5-381012691312}.Debug|iPhone.ActiveCfg = Debug|iPhone
		{2C4532AE-FFD0-4016-89F5-381012691312}.Debug|iPhone.Build.0 = Debug|iPhone
		{2C4532AE-FFD0-4016-89F5-381012691312}.Debug|iPhone.Deploy.0 = Debug|iPhone
		{2C4532AE-FFD0-4016-89F5-381012691312}.Debug|iPhoneSimulator.ActiveCfg = Debug|iPhoneSimulator
		{2C4532AE-FFD0-4016-89F5-381012691312}.Debug|iPhoneSimulator.Build.0 = Debug|iPhoneSimulator
		{2C4532AE-FFD0-4016-89F5-381012691312}.Debug|iPhoneSimulator.Deploy.0 = Debug|iPhoneSimulator
		{2C4532AE-FFD0-4016-89F5-381012691312}.Release|Any CPU.ActiveCfg = Release|iPhone
		{2C4532AE-FFD0-4016-89F5-381012691312}.Release|Any CPU.Build.0 = Release|iPhone
		{2C4532AE-FFD0-4016-89F5-381012691312}.Release|Any CPU.Deploy.0 = Release|iPhone
		{2C4532AE-FFD0-4016-89F5-381012691312}.Release|iPhone.ActiveCfg = Release|iPhone
		{2C4532AE-FFD0-4016-89F5-381012691312}.Release|iPhone.Build.0 = Release|iPhone
		{2C4532AE-FFD0-4016-89F5-381012691312}.Release|iPhone.Deploy.0 = Release|iPhone
		{2C4532AE-FFD0-4016-89F5-381012691312}.Release|iPhoneSimulator.ActiveCfg = Release|iPhoneSimulator
		{2C4532AE-FFD0-4016-89F5-381012691312}.Release|iPhoneSimulator.Build.0 = Release|iPhoneSimulator
		{2C4532AE-FFD0-4016-89F5-381012691312}.Release|iPhoneSimulator.Deploy.0 = Release|iPhoneSimulator
		{26CE8FD7-8386-4060-8F40-D6E658791141}.Ad-Hoc|Any CPU.ActiveCfg = Debug|Any CPU
		{26CE8FD7-8386-4060-8F40-D6E658791141}.Ad-Hoc|Any CPU.Build.0 = Debug|Any CPU
		{26CE8FD7-8386-4060-8F40-D6E658791141}.Ad-Hoc|Any CPU.Deploy.0 = Debug|Any CPU
		{26CE8FD7-8386-4060-8F40-D6E658791141}.Ad-Hoc|iPhone.ActiveCfg = Debug|Any CPU
		{26CE8FD7-8386-4060-8F40-D6E658791141}.Ad-Hoc|iPhone.Build.0 = Debug|Any CPU
		{26CE8FD7-8386-4060-8F40-D6E658791141}.Ad-Hoc|iPhone.Deploy.0 = Debug|Any CPU
		{26CE8FD7-8386-4060-8F40-D6E658791141}.Ad-Hoc|iPhoneSimulator.ActiveCfg = Debug|Any CPU
		{26CE8FD7-8386-4060-8F40-D6E658791141}.Ad-Hoc|iPhoneSimulator.Build.0 = Debug|Any CPU
		{26CE8FD7-8386-4060-8F40-D6E658791141}.Ad-Hoc|iPhoneSimulator.Deploy.0 = Debug|Any CPU
		{26CE8FD7-8386-4060-8F40-D6E658791141}.AppStore|Any CPU.ActiveCfg = Debug|Any CPU
		{26CE8FD7-8386-4060-8F40-D6E658791141}.AppStore|Any CPU.Build.0 = Debug|Any CPU
		{26CE8FD7-8386-4060-8F40-D6E658791141}.AppStore|Any CPU.Deploy.0 = Debug|Any CPU
		{26CE8FD7-8386-4060-8F40-D6E658791141}.AppStore|iPhone.ActiveCfg = Debug|Any CPU
		{26CE8FD7-8386-4060-8F40-D6E658791141}.AppStore|iPhone.Build.0 = Debug|Any CPU
		{26CE8FD7-8386-4060-8F40-D6E658791141}.AppStore|iPhone.Deploy.0 = Debug|Any CPU
		{26CE8FD7-8386-4060-8F40-D6E658791141}.AppStore|iPhoneSimulator.ActiveCfg = Debug|Any CPU
		{26CE8FD7-8386-4060-8F40-D6E658791141}.AppStore|iPhoneSimulator.Build.0 = Debug|Any CPU
		{26CE8FD7-8386-4060-8F40-D6E658791141}.AppStore|iPhoneSimulator.Deploy.0 = Debug|Any CPU
		{26CE8FD7-8386-4060-8F40-D6E658791141}.Debug|Any CPU.ActiveCfg = Debug|Any CPU
		{26CE8FD7-8386-4060-8F40-D6E658791141}.Debug|Any CPU.Build.0 = Debug|Any CPU
		{26CE8FD7-8386-4060-8F40-D6E658791141}.Debug|Any CPU.Deploy.0 = Debug|Any CPU
		{26CE8FD7-8386-4060-8F40-D6E658791141}.Debug|iPhone.ActiveCfg = Debug|Any CPU
		{26CE8FD7-8386-4060-8F40-D6E658791141}.Debug|iPhone.Build.0 = Debug|Any CPU
		{26CE8FD7-8386-4060-8F40-D6E658791141}.Debug|iPhone.Deploy.0 = Debug|Any CPU
		{26CE8FD7-8386-4060-8F40-D6E658791141}.Debug|iPhoneSimulator.ActiveCfg = Debug|Any CPU
		{26CE8FD7-8386-4060-8F40-D6E658791141}.Debug|iPhoneSimulator.Build.0 = Debug|Any CPU
		{26CE8FD7-8386-4060-8F40-D6E658791141}.Debug|iPhoneSimulator.Deploy.0 = Debug|Any CPU
		{26CE8FD7-8386-4060-8F40-D6E658791141}.Release|Any CPU.ActiveCfg = Release|Any CPU
		{26CE8FD7-8386-4060-8F40-D6E658791141}.Release|Any CPU.Build.0 = Release|Any CPU
		{26CE8FD7-8386-4060-8F40-D6E658791141}.Release|Any CPU.Deploy.0 = Release|Any CPU
		{26CE8FD7-8386-4060-8F40-D6E658791141}.Release|iPhone.ActiveCfg = Release|Any CPU
		{26CE8FD7-8386-4060-8F40-D6E658791141}.Release|iPhone.Build.0 = Release|Any CPU
		{26CE8FD7-8386-4060-8F40-D6E658791141}.Release|iPhone.Deploy.0 = Release|Any CPU
		{26CE8FD7-8386-4060-8F40-D6E658791141}.Release|iPhoneSimulator.ActiveCfg = Release|Any CPU
		{26CE8FD7-8386-4060-8F40-D6E658791141}.Release|iPhoneSimulator.Build.0 = Release|Any CPU
		{26CE8FD7-8386-4060-8F40-D6E658791141}.Release|iPhoneSimulator.Deploy.0 = Release|Any CPU
		{00CA2420-7273-43E9-AEAB-75789BD25FDD}.Ad-Hoc|Any CPU.ActiveCfg = Release|Any CPU
		{00CA2420-7273-43E9-AEAB-75789BD25FDD}.Ad-Hoc|Any CPU.Build.0 = Release|Any CPU
		{00CA2420-7273-43E9-AEAB-75789BD25FDD}.Ad-Hoc|iPhone.ActiveCfg = Release|Any CPU
		{00CA2420-7273-43E9-AEAB-75789BD25FDD}.Ad-Hoc|iPhone.Build.0 = Release|Any CPU
		{00CA2420-7273-43E9-AEAB-75789BD25FDD}.Ad-Hoc|iPhoneSimulator.ActiveCfg = Release|Any CPU
		{00CA2420-7273-43E9-AEAB-75789BD25FDD}.Ad-Hoc|iPhoneSimulator.Build.0 = Release|Any CPU
		{00CA2420-7273-43E9-AEAB-75789BD25FDD}.AppStore|Any CPU.ActiveCfg = Release|Any CPU
		{00CA2420-7273-43E9-AEAB-75789BD25FDD}.AppStore|Any CPU.Build.0 = Release|Any CPU
		{00CA2420-7273-43E9-AEAB-75789BD25FDD}.AppStore|iPhone.ActiveCfg = Release|Any CPU
		{00CA2420-7273-43E9-AEAB-75789BD25FDD}.AppStore|iPhone.Build.0 = Release|Any CPU
		{00CA2420-7273-43E9-AEAB-75789BD25FDD}.AppStore|iPhoneSimulator.ActiveCfg = Release|Any CPU
		{00CA2420-7273-43E9-AEAB-75789BD25FDD}.AppStore|iPhoneSimulator.Build.0 = Release|Any CPU
		{00CA2420-7273-43E9-AEAB-75789BD25FDD}.Debug|Any CPU.ActiveCfg = Debug|Any CPU
		{00CA2420-7273-43E9-AEAB-75789BD25FDD}.Debug|Any CPU.Build.0 = Debug|Any CPU
		{00CA2420-7273-43E9-AEAB-75789BD25FDD}.Debug|iPhone.ActiveCfg = Debug|Any CPU
		{00CA2420-7273-43E9-AEAB-75789BD25FDD}.Debug|iPhone.Build.0 = Debug|Any CPU
		{00CA2420-7273-43E9-AEAB-75789BD25FDD}.Debug|iPhoneSimulator.ActiveCfg = Debug|Any CPU
		{00CA2420-7273-43E9-AEAB-75789BD25FDD}.Debug|iPhoneSimulator.Build.0 = Debug|Any CPU
		{00CA2420-7273-43E9-AEAB-75789BD25FDD}.Release|Any CPU.ActiveCfg = Release|Any CPU
		{00CA2420-7273-43E9-AEAB-75789BD25FDD}.Release|Any CPU.Build.0 = Release|Any CPU
		{00CA2420-7273-43E9-AEAB-75789BD25FDD}.Release|iPhone.ActiveCfg = Release|Any CPU
		{00CA2420-7273-43E9-AEAB-75789BD25FDD}.Release|iPhone.Build.0 = Release|Any CPU
		{00CA2420-7273-43E9-AEAB-75789BD25FDD}.Release|iPhoneSimulator.ActiveCfg = Release|Any CPU
		{00CA2420-7273-43E9-AEAB-75789BD25FDD}.Release|iPhoneSimulator.Build.0 = Release|Any CPU
	EndGlobalSection
	GlobalSection(SolutionProperties) = preSolution
		HideSolutionNode = FALSE
	EndGlobalSection
	GlobalSection(ExtensibilityGlobals) = postSolution
		SolutionGuid = {3BDD0E18-833F-49F9-9036-9E48C7F5D206}
	EndGlobalSection
EndGlobal
